
Microsoft Visual Studio Solution File, Format Version 11.00
# Visual Studio 2010
Project("{8BC9CEB8-8B4A-11D0-8D11-00A0C91BC942}") = "TME3-Program1", "TME3-Program1\TME3-Program1.vcxproj", "{300CB513-B1D6-48E9-8688-F9C9A36E3A96}"
EndProject
Global
	GlobalSection(SolutionConfigurationPlatforms) = preSolution
		Debug|Win32 = Debug|Win32
		Release|Win32 = Release|Win32
	EndGlobalSection
	GlobalSection(ProjectConfigurationPlatforms) = postSolution
		{300CB513-B1D6-48E9-8688-F9C9A36E3A96}.Debug|Win32.ActiveCfg = Debug|Win32
		{300CB513-B1D6-48E9-8688-F9C9A36E3A96}.Debug|Win32.Build.0 = Debug|Win32
		{300CB513-B1D6-48E9-8688-F9C9A36E3A96}.Release|Win32.ActiveCfg = Release|Win32
		{300CB513-B1D6-48E9-8688-F9C9A36E3A96}.Release|Win32.Build.0 = Release|Win32
	EndGlobalSection
	GlobalSection(SolutionProperties) = preSolution
		HideSolutionNode = FALSE
	EndGlobalSection
EndGlobal
